import base64
exec(base64.b64decode('Z2l0aHViLmNvbS9idXB0bWlhby9wYXJhbGxlbCB2MC4wLjAtMjAxNzAxMDMwODA4NDYtZjgxMzRlOWY2MGM2IGgxOkx2bHF6REhZR1d5eHVKUWo4UXp6WlBDNm5iT0JCbmZySDI4ekhZOWdMZ289CmdpdGh1Yi5jb20vYnVwdG1pYW8vcGFyYWxsZWwgdjAuMC4wLTIwMTcwMTAzMDgwODQ2LWY4MTM0ZTlmNjBjNi9nby5tb2QgaDE6RkVBM1c2TjhjNlVlcVpiYzNadmZScjJtWGxlTU5FWE9FcDJBem9Hakkxbz0KZ2l0aHViLmNvbS9jb3JwaXgvdWFyYW5kIHYwLjIuMCBoMTpVOTh4WHd1ZC9BVnVDcGtwZ2ZQRjdKNVRRZ3I3UjV0cVQ4VlpQNUtXYnpFPQpnaXRodWIuY29tL2NvcnBpeC91YXJhbmQgdjAuMi4wL2dvLm1vZCBoMTovM1oxUUlxV2tESWhmNlhXbi8wOC91TUhvUThKVW9USUtjMmlQY2hCT21NPQpnaXRodWIuY29tL2RhdmVjZ2gvZ28tc3BldyB2MS4xLjAvZ28ubW9kIGgxOko3WThZY1cyTmloc2dtVm8vbXYzbEF3bC9za09ONGlMSGpTc0krYzVIMzg9CmdpdGh1Yi5jb20vZGF2ZWNnaC9nby1zcGV3IHYxLjEuMSBoMTp2ajlqL3UxYnFudkNFZkpPd1VodGxPQVJxczMrcmtIWVkxM2pZV1RVOTdjPQpnaXRodWIuY29tL2RhdmVjZ2gvZ28tc3BldyB2MS4xLjEvZ28ubW9kIGgxOko3WThZY1cyTmloc2dtVm8vbXYzbEF3bC9za09ONGlMSGpTc0krYzVIMzg9CmdpdGh1Yi5jb20vZ29va2l0L2NvbG9yIHYxLjUuMiBoMTp1TG5mWGNhRmpsckRuUURUK05DQmNmaHJYcVlUeC9yY0NhNnhuMDFZOHlJPQpnaXRodWIuY29tL2dvb2tpdC9jb2xvciB2MS41LjIvZ28ubW9kIGgxOnc4aDRiR2lIZWVCcHZRVmVQVHV0ZGJFUklVZjNvSkU1bFo4SE0wVWdYeWc9CmdpdGh1Yi5jb20vZ29va2l0L2NvbG9yIHYxLjUuMyBoMTp0d2ZJaFpzNFFMQ3RpbWtQN01PeGxGM0EwVS81Y0RQc2VSVDlNLysyU0NFPQpnaXRodWIuY29tL2dvb2tpdC9jb2xvciB2MS41LjMvZ28ubW9kIGgxOk5Vend6ZWVoVWZsN0dJYjM2cHFJZCtVR21SZlFjVS9XaWl5VFRlTmpIdEU9CmdpdGh1Yi5jb20vZ29va2l0L2NvbG9yIHYxLjUuNCBoMTpGWm1xczdYT3lHZ0NBeG1XeVBzbHBpb2sxazA1d21ZM1NKVHl0Z3ZZRnMwPQpnaXRodWIuY29tL2dvb2tpdC9jb2xvciB2MS41LjQvZ28ubW9kIGgxOnBaSk9lT1M4RE00M3JYYnA0QVpvMW45ekNVMnFqcGNSa28wYjYvUUppOXc9CmdpdGh1Yi5jb20vcG1lemFyZC9nby1kaWZmbGliIHYxLjAuMCBoMTo0REJ3REUwTkd5UW9CSGJMUVlQd1NVUG9DTVdSNUJFeklrL2YxbFpiQVFNPQpnaXRodWIuY29tL3BtZXphcmQvZ28tZGlmZmxpYiB2MS4wLjAvZ28ubW9kIGgxOmlLSDc3a29GaFl4VEsxcGNSbmtLa3FmVG9nc2JnN2daTlZZNHNSRFlaLzQ9CmdpdGh1Yi5jb20vc3RyZXRjaHIvb2JqeCB2MC4xLjAvZ28ubW9kIGgxOkhGa1k5MTZJRityd2REZk1Ba1Y3T3R3dXFCVnpyRThHUjZHRngrd0V4TUU9CmdpdGh1Yi5jb20vc3RyZXRjaHIvb2JqeCB2MC40LjAvZ28ubW9kIGgxOll2SEkwankyaG9NakIrVVd3djcxVkpROWlzU2NLVC9UcUp6VlNTdDg5WXc9CmdpdGh1Yi5jb20vc3RyZXRjaHIvdGVzdGlmeSB2MS43LjEvZ28ubW9kIGgxOjZGcThvUmNSNTNycnk5MDB6TXFKalJSaXhyd1gzS1g5NjIvaC9Xd2p0ZWc9CmdpdGh1Yi5jb20vc3RyZXRjaHIvdGVzdGlmeSB2MS44LjAgaDE6cFNnaWFNWmxYZnRIcG01TDdWMStyVkIrQVpKeWRLc014c1FCSUp3NFBLaz0KZ2l0aHViLmNvbS9zdHJldGNoci90ZXN0aWZ5IHYxLjguMC9nby5tb2QgaDE6eU5qSGc0VW9uaWxzc1daOGlhU2oxT0NyL3ZIbmVrUFJrb08ra2RNVStNVT0KZ2l0aHViLmNvbS94by90ZXJtaW5mbyB2MC4wLjAtMjAyMTAxMjUwMDE5MTgtY2E5YTk2N2Y4Nzc4IGgxOlFsZHlJdS9MNjNvUHB5dlFtSGd2Z2lja3AxWXc1MTBLSk9xWDdIMjRtZzg9CmdpdGh1Yi5jb20veG8vdGVybWluZm8gdjAuMC4wLTIwMjEwMTI1MDAxOTE4LWNhOWE5NjdmODc3OC9nby5tb2QgaDE6Mk11Vit0YlVyVTF6SU9QTXhaNUVuY0d3Z21NSnNhKzl1Y0FRWlh4c09icz0KZ29sYW5nLm9yZy94L3N5cyB2MC4wLjAtMjAyMTAzMzAyMTA2MTctNGZiZDMwZWVjYzQ0L2dvLm1vZCBoMTpoMU5qV2NlOVhSTEdRRXNXN3dwS05Dakc5RHRObENsVnVGTEVaZEROYkVzPQpnb2xhbmcub3JnL3gvc3lzIHYwLjEuMCBoMTprdW5BTFFlSGYxLzE4NVUxaTBHT0IvZnkxSVBSRERwdW9PT3FSUmVHNTdVPQpnb2xhbmcub3JnL3gvc3lzIHYwLjEuMC9nby5tb2QgaDE6b1BraHAxTUpyaDduVWVwQ0JjazUrbUF6Zk85SnJiQXBOTmdhVGRHRElUZz0KZ29sYW5nLm9yZy94L3N5cyB2MC42LjAgaDE6TVZsdFpTdlJUY1UybGpRT2hzOTRTWFBmdFY2RENOblpWaUhlUXBzODdwUT0KZ29sYW5nLm9yZy94L3N5cyB2MC42LjAvZ28ubW9kIGgxOm9Qa2hwMU1Kcmg3blVlcENCY2s1K21BemZPOUpyYkFwTk5nYVRkR0RJVGc9CmdvbGFuZy5vcmcveC9zeXMgdjAuMTAuMCBoMTpTcU1GcDlVY1FKWmErcG1ZdUFLamQ5eHExZjBqNXJMY0RJazBtajRxQXNBPQpnb2xhbmcub3JnL3gvc3lzIHYwLjEwLjAvZ28ubW9kIGgxOm9Qa2hwMU1Kcmg3blVlcENCY2s1K21BemZPOUpyYkFwTk5nYVRkR0RJVGc9CmdvcGtnLmluL2NoZWNrLnYxIHYwLjAuMC0yMDE2MTIwODE4MTMyNS0yMGQyNWUyODA0MDUvZ28ubW9kIGgxOkNvNmliVkpBem5BYUlrcXA4aHVUd2xKUUNaMDE2am9mL2NiTjRWVzVZejA9CmdvcGtnLmluL3lhbWwudjMgdjMuMC4wLTIwMjAwMzEzMTAyMDUxLTlmMjY2ZWE5ZTc3Yy9nby5tb2QgaDE6SzR1eWs3ejdCQ0VQcXU2RStDNjRZZnYxY1E3a3o3ckladmlVbU4rRWdFTT0KZ29wa2cuaW4veWFtbC52MyB2My4wLjEgaDE6ZnhWbS9HekF6RVdxTEh1dmN0STkxS1M5aGhObW1XT29XdTBYVFlKUzdDQT0KZ29wa2cuaW4veWFtbC52MyB2My4wLjEvZ28ubW9kIGgxOks0dXlrN3o3QkNFUHF1NkUrQzY0WWZ2MWNRN2t6N3JJWnZpVW1OK0VnRU09Cg=='))